
Microsoft Visual Studio Solution File, Format Version 12.00
# Visual Studio 15
VisualStudioVersion = 15.0.26730.10
MinimumVisualStudioVersion = 10.0.40219.1
Project("{FAE04EC0-301F-11D3-BF4B-00C04F79EFBC}") = "SearchAlgoritme", "SearchAlgoritme\SearchAlgoritme.csproj", "{1B6E86DB-2BD4-4444-8749-E5B1F77EECBE}"
EndProject
Global
	GlobalSection(SolutionConfigurationPlatforms) = preSolution
		Debug|Any CPU = Debug|Any CPU
		Release|Any CPU = Release|Any CPU
	EndGlobalSection
	GlobalSection(ProjectConfigurationPlatforms) = postSolution
		{1B6E86DB-2BD4-4444-8749-E5B1F77EECBE}.Debug|Any CPU.ActiveCfg = Debug|Any CPU
		{1B6E86DB-2BD4-4444-8749-E5B1F77EECBE}.Debug|Any CPU.Build.0 = Debug|Any CPU
		{1B6E86DB-2BD4-4444-8749-E5B1F77EECBE}.Release|Any CPU.ActiveCfg = Release|Any CPU
		{1B6E86DB-2BD4-4444-8749-E5B1F77EECBE}.Release|Any CPU.Build.0 = Release|Any CPU
	EndGlobalSection
	GlobalSection(SolutionProperties) = preSolution
		HideSolutionNode = FALSE
	EndGlobalSection
	GlobalSection(ExtensibilityGlobals) = postSolution
		SolutionGuid = {B5184706-F5BB-44AE-A6DC-0556E91295F9}
	EndGlobalSection
EndGlobal
